
Microsoft Visual Studio Solution File, Format Version 12.00
# Visual Studio 15
VisualStudioVersion = 15.0.28010.2036
MinimumVisualStudioVersion = 10.0.40219.1
Project("{FAE04EC0-301F-11D3-BF4B-00C04F79EFBC}") = "DependencyContainer", "DependencyContainer\DependencyContainer.csproj", "{B345CC66-C3AF-466C-8752-672DFF359BF9}"
EndProject
Global
	GlobalSection(SolutionConfigurationPlatforms) = preSolution
		Debug|Any CPU = Debug|Any CPU
		Release|Any CPU = Release|Any CPU
	EndGlobalSection
	GlobalSection(ProjectConfigurationPlatforms) = postSolution
		{B345CC66-C3AF-466C-8752-672DFF359BF9}.Debug|Any CPU.ActiveCfg = Debug|Any CPU
		{B345CC66-C3AF-466C-8752-672DFF359BF9}.Debug|Any CPU.Build.0 = Debug|Any CPU
		{B345CC66-C3AF-466C-8752-672DFF359BF9}.Release|Any CPU.ActiveCfg = Release|Any CPU
		{B345CC66-C3AF-466C-8752-672DFF359BF9}.Release|Any CPU.Build.0 = Release|Any CPU
	EndGlobalSection
	GlobalSection(SolutionProperties) = preSolution
		HideSolutionNode = FALSE
	EndGlobalSection
	GlobalSection(ExtensibilityGlobals) = postSolution
		SolutionGuid = {42FEAE1C-2D43-431C-B457-E4E8F9466F15}
	EndGlobalSection
EndGlobal
